github.com/google/uuid v1.6.0 h1:NIvaJDMOsjHA8n1jAhLSgzrAzy1Hgr+hNrb57e+94F0=
github.com/google/uuid v1.6.0/go.mod h1:TIyPZe4MgqvfeYDBFedMoGGpEw/LqOeaOT+nhxU+yHo=
go-micro.org/v5 v5.0.1 h1:sGc+vmcIqgko5sEbAMkbMEFiqlYPBP1aQXqNyf+CMsw=
go-micro.org/v5 v5.0.1/go.mod h1:2TYLgjrDemtqaZqN1SE71EWdw8rKlBQ0xv1r75YB/v8=
